
Microsoft Visual Studio Solution File, Format Version 12.00
# Visual Studio Version 16
VisualStudioVersion = 16.0.28803.352
MinimumVisualStudioVersion = 10.0.40219.1
Project("{9A19103F-16F7-4668-BE54-9A1E7A4F7556}") = "csharpi", "csharpi.csproj", "{D454BAA7-77FA-4E1F-AC4A-0D01042F2736}"
EndProject
Global
	GlobalSection(SolutionConfigurationPlatforms) = preSolution
		Debug|Any CPU = Debug|Any CPU
		Release|Any CPU = Release|Any CPU
	EndGlobalSection
	GlobalSection(ProjectConfigurationPlatforms) = postSolution
		{D454BAA7-77FA-4E1F-AC4A-0D01042F2736}.Debug|Any CPU.ActiveCfg = Debug|Any CPU
		{D454BAA7-77FA-4E1F-AC4A-0D01042F2736}.Debug|Any CPU.Build.0 = Debug|Any CPU
		{D454BAA7-77FA-4E1F-AC4A-0D01042F2736}.Release|Any CPU.ActiveCfg = Release|Any CPU
		{D454BAA7-77FA-4E1F-AC4A-0D01042F2736}.Release|Any CPU.Build.0 = Release|Any CPU
	EndGlobalSection
	GlobalSection(SolutionProperties) = preSolution
		HideSolutionNode = FALSE
	EndGlobalSection
	GlobalSection(ExtensibilityGlobals) = postSolution
		SolutionGuid = {F11D0A16-C32A-4C7C-A638-CB5E16408A69}
	EndGlobalSection
EndGlobal
